
Microsoft Visual Studio Solution File, Format Version 12.00
# Visual Studio Version 17
VisualStudioVersion = 17.1.31911.260
MinimumVisualStudioVersion = 10.0.40219.1
Project("{FAE04EC0-301F-11D3-BF4B-00C04F79EFBC}") = "FigureConsoleAppLibrary", "FigureConsoleAppLibrary\FigureConsoleAppLibrary.csproj", "{09EADF9D-DBB0-4E92-A9E6-1B4F390C2102}"
EndProject
Project("{FAE04EC0-301F-11D3-BF4B-00C04F79EFBC}") = "LibraryFigureApp", "LibraryFigureApp\LibraryFigureApp.csproj", "{F9BA47A3-55A8-4089-A118-5AD1153424E2}"
EndProject
Project("{FAE04EC0-301F-11D3-BF4B-00C04F79EFBC}") = "UnitTestFigure", "UnitTestFigure\UnitTestFigure.csproj", "{00BE6216-67D9-4B82-A821-476A9B9136D1}"
EndProject
Global
	GlobalSection(SolutionConfigurationPlatforms) = preSolution
		Debug|Any CPU = Debug|Any CPU
		Release|Any CPU = Release|Any CPU
	EndGlobalSection
	GlobalSection(ProjectConfigurationPlatforms) = postSolution
		{09EADF9D-DBB0-4E92-A9E6-1B4F390C2102}.Debug|Any CPU.ActiveCfg = Debug|Any CPU
		{09EADF9D-DBB0-4E92-A9E6-1B4F390C2102}.Debug|Any CPU.Build.0 = Debug|Any CPU
		{09EADF9D-DBB0-4E92-A9E6-1B4F390C2102}.Release|Any CPU.ActiveCfg = Release|Any CPU
		{09EADF9D-DBB0-4E92-A9E6-1B4F390C2102}.Release|Any CPU.Build.0 = Release|Any CPU
		{F9BA47A3-55A8-4089-A118-5AD1153424E2}.Debug|Any CPU.ActiveCfg = Debug|Any CPU
		{F9BA47A3-55A8-4089-A118-5AD1153424E2}.Debug|Any CPU.Build.0 = Debug|Any CPU
		{F9BA47A3-55A8-4089-A118-5AD1153424E2}.Release|Any CPU.ActiveCfg = Release|Any CPU
		{F9BA47A3-55A8-4089-A118-5AD1153424E2}.Release|Any CPU.Build.0 = Release|Any CPU
		{00BE6216-67D9-4B82-A821-476A9B9136D1}.Debug|Any CPU.ActiveCfg = Debug|Any CPU
		{00BE6216-67D9-4B82-A821-476A9B9136D1}.Debug|Any CPU.Build.0 = Debug|Any CPU
		{00BE6216-67D9-4B82-A821-476A9B9136D1}.Release|Any CPU.ActiveCfg = Release|Any CPU
		{00BE6216-67D9-4B82-A821-476A9B9136D1}.Release|Any CPU.Build.0 = Release|Any CPU
	EndGlobalSection
	GlobalSection(SolutionProperties) = preSolution
		HideSolutionNode = FALSE
	EndGlobalSection
	GlobalSection(ExtensibilityGlobals) = postSolution
		SolutionGuid = {C4A41E34-6711-466F-B911-3E3FCE6C1C2D}
	EndGlobalSection
EndGlobal
